
Microsoft Visual Studio Solution File, Format Version 12.00
# Visual Studio Version 17
VisualStudioVersion = 17.5.33424.131
MinimumVisualStudioVersion = 10.0.40219.1
Project("{FAE04EC0-301F-11D3-BF4B-00C04F79EFBC}") = "CQRSWithoutMediator", "CQRSWithoutMediator.csproj", "{8B390956-E467-47E9-B059-8F604C7474A8}"
EndProject
Global
	GlobalSection(SolutionConfigurationPlatforms) = preSolution
		Debug|Any CPU = Debug|Any CPU
		Release|Any CPU = Release|Any CPU
	EndGlobalSection
	GlobalSection(ProjectConfigurationPlatforms) = postSolution
		{8B390956-E467-47E9-B059-8F604C7474A8}.Debug|Any CPU.ActiveCfg = Debug|Any CPU
		{8B390956-E467-47E9-B059-8F604C7474A8}.Debug|Any CPU.Build.0 = Debug|Any CPU
		{8B390956-E467-47E9-B059-8F604C7474A8}.Release|Any CPU.ActiveCfg = Release|Any CPU
		{8B390956-E467-47E9-B059-8F604C7474A8}.Release|Any CPU.Build.0 = Release|Any CPU
	EndGlobalSection
	GlobalSection(SolutionProperties) = preSolution
		HideSolutionNode = FALSE
	EndGlobalSection
	GlobalSection(ExtensibilityGlobals) = postSolution
		SolutionGuid = {AB686FE3-F211-4D23-B55C-AD6143EC27D8}
	EndGlobalSection
EndGlobal
